
Microsoft Visual Studio Solution File, Format Version 12.00
# Visual Studio Version 16
VisualStudioVersion = 16.0.29920.165
MinimumVisualStudioVersion = 10.0.40219.1
Project("{FAE04EC0-301F-11D3-BF4B-00C04F79EFBC}") = "ProjetoAplicativoWeb", "ProjetoAplicativoWeb\ProjetoAplicativoWeb.csproj", "{B02B0A43-6A0C-4310-BDDD-AAE0CCFC9782}"
EndProject
Global
	GlobalSection(SolutionConfigurationPlatforms) = preSolution
		Debug|Any CPU = Debug|Any CPU
		Release|Any CPU = Release|Any CPU
	EndGlobalSection
	GlobalSection(ProjectConfigurationPlatforms) = postSolution
		{B02B0A43-6A0C-4310-BDDD-AAE0CCFC9782}.Debug|Any CPU.ActiveCfg = Debug|Any CPU
		{B02B0A43-6A0C-4310-BDDD-AAE0CCFC9782}.Debug|Any CPU.Build.0 = Debug|Any CPU
		{B02B0A43-6A0C-4310-BDDD-AAE0CCFC9782}.Release|Any CPU.ActiveCfg = Release|Any CPU
		{B02B0A43-6A0C-4310-BDDD-AAE0CCFC9782}.Release|Any CPU.Build.0 = Release|Any CPU
	EndGlobalSection
	GlobalSection(SolutionProperties) = preSolution
		HideSolutionNode = FALSE
	EndGlobalSection
	GlobalSection(ExtensibilityGlobals) = postSolution
		SolutionGuid = {0F5A1B4A-C2A3-4A9A-B6CC-523F4FA60486}
	EndGlobalSection
EndGlobal
